// !$*UTF8*$!
{
	archiveVersion = 1;
	classes = {
	};
	objectVersion = 46;
	objects = {

/* Begin PBXBuildFile section */
		810BCC881D3844AF00EE180D /* AppDelegate.swift in Sources */ = {isa = PBXBuildFile; fileRef = 810BCC871D3844AF00EE180D /* AppDelegate.swift */; };
		810BCC8A1D3844AF00EE180D /* ViewController.swift in Sources */ = {isa = PBXBuildFile; fileRef = 810BCC891D3844AF00EE180D /* ViewController.swift */; };
		810BCC8D1D3844AF00EE180D /* Main.storyboard in Resources */ = {isa = PBXBuildFile; fileRef = 810BCC8B1D3844AF00EE180D /* Main.storyboard */; };
		810BCC8F1D3844AF00EE180D /* Assets.xcassets in Resources */ = {isa = PBXBuildFile; fileRef = 810BCC8E1D3844AF00EE180D /* Assets.xcassets */; };
		810BCC921D3844AF00EE180D /* LaunchScreen.storyboard in Resources */ = {isa = PBXBuildFile; fileRef = 810BCC901D3844AF00EE180D /* LaunchScreen.storyboard */; };
		810BCCA01D38550D00EE180D /* ic_action_next_item.png in Resources */ = {isa = PBXBuildFile; fileRef = 810BCC9E1D38550D00EE180D /* ic_action_next_item.png */; };
		810BCCA11D38550D00EE180D /* ic_action_previous_item.png in Resources */ = {isa = PBXBuildFile; fileRef = 810BCC9F1D38550D00EE180D /* ic_action_previous_item.png */; };
/* End PBXBuildFile section */

/* Begin PBXFileReference section */
		810BCC841D3844AF00EE180D /* InClass04b.app */ = {isa = PBXFileReference; explicitFileType = wrapper.application; includeInIndex = 0; path = InClass04b.app; sourceTree = BUILT_PRODUCTS_DIR; };
		810BCC871D3844AF00EE180D /* AppDelegate.swift */ = {isa = PBXFileReference; lastKnownFileType = sourcecode.swift; path = AppDelegate.swift; sourceTree = "<group>"; };
		810BCC891D3844AF00EE180D /* ViewController.swift */ = {isa = PBXFileReference; lastKnownFileType = sourcecode.swift; path = ViewController.swift; sourceTree = "<group>"; };
		810BCC8C1D3844AF00EE180D /* Base */ = {isa = PBXFileReference; lastKnownFileType = file.storyboard; name = Base; path = Base.lproj/Main.storyboard; sourceTree = "<group>"; };
		810BCC8E1D3844AF00EE180D /* Assets.xcassets */ = {isa = PBXFileReference; lastKnownFileType = folder.assetcatalog; path = Assets.xcassets; sourceTree = "<group>"; };
		810BCC911D3844AF00EE180D /* Base */ = {isa = PBXFileReference; lastKnownFileType = file.storyboard; name = Base; path = Base.lproj/LaunchScreen.storyboard; sourceTree = "<group>"; };
		810BCC931D3844AF00EE180D /* Info.plist */ = {isa = PBXFileReference; lastKnownFileType = text.plist.xml; path = Info.plist; sourceTree = "<group>"; };
		810BCC9E1D38550D00EE180D /* ic_action_next_item.png */ = {isa = PBXFileReference; lastKnownFileType = image.png; path = ic_action_next_item.png; sourceTree = "<group>"; };
		810BCC9F1D38550D00EE180D /* ic_action_previous_item.png */ = {isa = PBXFileReference; lastKnownFileType = image.png; path = ic_action_previous_item.png; sourceTree = "<group>"; };
/* End PBXFileReference section */

/* Begin PBXFrameworksBuildPhase section */
		810BCC811D3844AF00EE180D /* Frameworks */ = {
			isa = PBXFrameworksBuildPhase;
			buildActionMask = 2147483647;
			files = (
			);
			runOnlyForDeploymentPostprocessing = 0;
		};
/* End PBXFrameworksBuildPhase section */

/* Begin PBXGroup section */
		810BCC7B1D3844AF00EE180D = {
			isa = PBXGroup;
			children = (
				810BCC861D3844AF00EE180D /* InClass04b */,
				810BCC851D3844AF00EE180D /* Products */,
			);
			sourceTree = "<group>";
		};
		810BCC851D3844AF00EE180D /* Products */ = {
			isa = PBXGroup;
			children = (
				810BCC841D3844AF00EE180D /* InClass04b.app */,
			);
			name = Products;
			sourceTree = "<group>";
		};
		810BCC861D3844AF00EE180D /* InClass04b */ = {
			isa = PBXGroup;
			children = (
				810BCC9E1D38550D00EE180D /* ic_action_next_item.png */,
				810BCC9F1D38550D00EE180D /* ic_action_previous_item.png */,
				810BCC891D3844AF00EE180D /* ViewController.swift */,
				810BCC8B1D3844AF00EE180D /* Main.storyboard */,
				810BCC931D3844AF00EE180D /* Info.plist */,
				810BCC991D3844D100EE180D /* Supporting Files */,
			);
			path = InClass04b;
			sourceTree = "<group>";
		};
		810BCC991D3844D100EE180D /* Supporting Files */ = {
			isa = PBXGroup;
			children = (
				810BCC871D3844AF00EE180D /* AppDelegate.swift */,
				810BCC8E1D3844AF00EE180D /* Assets.xcassets */,
				810BCC901D3844AF00EE180D /* LaunchScreen.storyboard */,
			);
			name = "Supporting Files";
			sourceTree = "<group>";
		};
/* End PBXGroup section */

/* Begin PBXNativeTarget section */
		810BCC831D3844AF00EE180D /* InClass04b */ = {
			isa = PBXNativeTarget;
			buildConfigurationList = 810BCC961D3844AF00EE180D /* Build configuration list for PBXNativeTarget "InClass04b" */;
			buildPhases = (
				810BCC801D3844AF00EE180D /* Sources */,
				810BCC811D3844AF00EE180D /* Frameworks */,
				810BCC821D3844AF00EE180D /* Resources */,
			);
			buildRules = (
			);
			dependencies = (
			);
			name = InClass04b;
			productName = InClass04b;
			productReference = 810BCC841D3844AF00EE180D /* InClass04b.app */;
			productType = "com.apple.product-type.application";
		};
/* End PBXNativeTarget section */

/* Begin PBXProject section */
		810BCC7C1D3844AF00EE180D /* Project object */ = {
			isa = PBXProject;
			attributes = {
				LastSwiftUpdateCheck = 0730;
				LastUpgradeCheck = 0730;
				ORGANIZATIONNAME = "Carlos Rosario";
				TargetAttributes = {
					810BCC831D3844AF00EE180D = {
						CreatedOnToolsVersion = 7.3.1;
					};
				};
			};
			buildConfigurationList = 810BCC7F1D3844AF00EE180D /* Build configuration list for PBXProject "InClass04b" */;
			compatibilityVersion = "Xcode 3.2";
			developmentRegion = English;
			hasScannedForEncodings = 0;
			knownRegions = (
				en,
				Base,
			);
			mainGroup = 810BCC7B1D3844AF00EE180D;
			productRefGroup = 810BCC851D3844AF00EE180D /* Products */;
			projectDirPath = "";
			projectRoot = "";
			targets = (
				810BCC831D3844AF00EE180D /* InClass04b */,
			);
		};
/* End PBXProject section */

/* Begin PBXResourcesBuildPhase section */
		810BCC821D3844AF00EE180D /* Resources */ = {
			isa = PBXResourcesBuildPhase;
			buildActionMask = 2147483647;
			files = (
				810BCC921D3844AF00EE180D /* LaunchScreen.storyboard in Resources */,
				810BCC8F1D3844AF00EE180D /* Assets.xcassets in Resources */,
				810BCCA11D38550D00EE180D /* ic_action_previous_item.png in Resources */,
				810BCC8D1D3844AF00EE180D /* Main.storyboard in Resources */,
				810BCCA01D38550D00EE180D /* ic_action_next_item.png in Resources */,
			);
			runOnlyForDeploymentPostprocessing = 0;
		};
/* End PBXResourcesBuildPhase section */

/* Begin PBXSourcesBuildPhase section */
		810BCC801D3844AF00EE180D /* Sources */ = {
			isa = PBXSourcesBuildPhase;
			buildActionMask = 2147483647;
			files = (
				810BCC8A1D3844AF00EE180D /* ViewController.swift in Sources */,
				810BCC881D3844AF00EE180D /* AppDelegate.swift in Sources */,
			);
			runOnlyForDeploymentPostprocessing = 0;
		};
/* End PBXSourcesBuildPhase section */

/* Begin PBXVariantGroup section */
		810BCC8B1D3844AF00EE180D /* Main.storyboard */ = {
			isa = PBXVariantGroup;
			children = (
				810BCC8C1D3844AF00EE180D /* Base */,
			);
			name = Main.storyboard;
			sourceTree = "<group>";
		};
		810BCC901D3844AF00EE180D /* LaunchScreen.storyboard */ = {
			isa = PBXVariantGroup;
			children = (
				810BCC911D3844AF00EE180D /* Base */,
			);
			name = LaunchScreen.storyboard;
			sourceTree = "<group>";
		};
/* End PBXVariantGroup section */

/* Begin XCBuildConfiguration section */
		810BCC941D3844AF00EE180D /* Debug */ = {
			isa = XCBuildConfiguration;
			buildSettings = {
				ALWAYS_SEARCH_USER_PATHS = NO;
				CLANG_ANALYZER_NONNULL = YES;
				CLANG_CXX_LANGUAGE_STANDARD = "gnu++0x";
				CLANG_CXX_LIBRARY = "libc++";
				CLANG_ENABLE_MODULES = YES;
				CLANG_ENABLE_OBJC_ARC = YES;
				CLANG_WARN_BOOL_CONVERSION = YES;
				CLANG_WARN_CONSTANT_CONVERSION = YES;
				CLANG_WARN_DIRECT_OBJC_ISA_USAGE = YES_ERROR;
				CLANG_WARN_EMPTY_BODY = YES;
				CLANG_WARN_ENUM_CONVERSION = YES;
				CLANG_WARN_INT_CONVERSION = YES;
				CLANG_WARN_OBJC_ROOT_CLASS = YES_ERROR;
				CLANG_WARN_UNREACHABLE_CODE = YES;
				CLANG_WARN__DUPLICATE_METHOD_MATCH = YES;
				"CODE_SIGN_IDENTITY[sdk=iphoneos*]" = "iPhone Developer";
				COPY_PHASE_STRIP = NO;
				DEBUG_INFORMATION_FORMAT = dwarf;
				ENABLE_STRICT_OBJC_MSGSEND = YES;
				ENABLE_TESTABILITY = YES;
				GCC_C_LANGUAGE_STANDARD = gnu99;
				GCC_DYNAMIC_NO_PIC = NO;
				GCC_NO_COMMON_BLOCKS = YES;
				GCC_OPTIMIZATION_LEVEL = 0;
				GCC_PREPROCESSOR_DEFINITIONS = (
					"DEBUG=1",
					"$(inherited)",
				);
				GCC_WARN_64_TO_32_BIT_CONVERSION = YES;
				GCC_WARN_ABOUT_RETURN_TYPE = YES_ERROR;
				GCC_WARN_UNDECLARED_SELECTOR = YES;
				GCC_WARN_UNINITIALIZED_AUTOS = YES_AGGRESSIVE;
				GCC_WARN_UNUSED_FUNCTION = YES;
				GCC_WARN_UNUSED_VARIABLE = YES;
				IPHONEOS_DEPLOYMENT_TARGET = 9.3;
				MTL_ENABLE_DEBUG_INFO = YES;
				ONLY_ACTIVE_ARCH = YES;
				SDKROOT = iphoneos;
				SWIFT_OPTIMIZATION_LEVEL = "-Onone";
				TARGETED_DEVICE_FAMILY = "1,2";
			};
			name = Debug;
		};
		810BCC951D3844AF00EE180D /* Release */ = {
			isa = XCBuildConfiguration;
			buildSettings = {
				ALWAYS_SEARCH_USER_PATHS = NO;
				CLANG_ANALYZER_NONNULL = YES;
				CLANG_CXX_LANGUAGE_STANDARD = "gnu++0x";
				CLANG_CXX_LIBRARY = "libc++";
				CLANG_ENABLE_MODULES = YES;
				CLANG_ENABLE_OBJC_ARC = YES;
				CLANG_WARN_BOOL_CONVERSION = YES;
				CLANG_WARN_CONSTANT_CONVERSION = YES;
				CLANG_WARN_DIRECT_OBJC_ISA_USAGE = YES_ERROR;
				CLANG_WARN_EMPTY_BODY = YES;
				CLANG_WARN_ENUM_CONVERSION = YES;
				CLANG_WARN_INT_CONVERSION = YES;
				CLANG_WARN_OBJC_ROOT_CLASS = YES_ERROR;
				CLANG_WARN_UNREACHABLE_CODE = YES;
				CLANG_WARN__DUPLICATE_METHOD_MATCH = YES;
				"CODE_SIGN_IDENTITY[sdk=iphoneos*]" = "iPhone Developer";
				COPY_PHASE_STRIP = NO;
				DEBUG_INFORMATION_FORMAT = "dwarf-with-dsym";
				ENABLE_NS_ASSERTIONS = NO;
				ENABLE_STRICT_OBJC_MSGSEND = YES;
				GCC_C_LANGUAGE_STANDARD = gnu99;
				GCC_NO_COMMON_BLOCKS = YES;
				GCC_WARN_64_TO_32_BIT_CONVERSION = YES;
				GCC_WARN_ABOUT_RETURN_TYPE = YES_ERROR;
				GCC_WARN_UNDECLARED_SELECTOR = YES;
				GCC_WARN_UNINITIALIZED_AUTOS = YES_AGGRESSIVE;
				GCC_WARN_UNUSED_FUNCTION = YES;
				GCC_WARN_UNUSED_VARIABLE = YES;
				IPHONEOS_DEPLOYMENT_TARGET = 9.3;
				MTL_ENABLE_DEBUG_INFO = NO;
				SDKROOT = iphoneos;
				TARGETED_DEVICE_FAMILY = "1,2";
				VALIDATE_PRODUCT = YES;
			};
			name = Release;
		};
		810BCC971D3844AF00EE180D /* Debug */ = {
			isa = XCBuildConfiguration;
			buildSettings = {
				ASSETCATALOG_COMPILER_APPICON_NAME = AppIcon;
				INFOPLIST_FILE = InClass04b/Info.plist;
				LD_RUNPATH_SEARCH_PATHS = "$(inherited) @executable_path/Frameworks";
				PRODUCT_BUNDLE_IDENTIFIER = com.ITCS6010.rosario.InClass04b;
				PRODUCT_NAME = "$(TARGET_NAME)";
			};
			name = Debug;
		};
		810BCC981D3844AF00EE180D /* Release */ = {
			isa = XCBuildConfiguration;
			buildSettings = {
				ASSETCATALOG_COMPILER_APPICON_NAME = AppIcon;
				INFOPLIST_FILE = InClass04b/Info.plist;
				LD_RUNPATH_SEARCH_PATHS = "$(inherited) @executable_path/Frameworks";
				PRODUCT_BUNDLE_IDENTIFIER = com.ITCS6010.rosario.InClass04b;
				PRODUCT_NAME = "$(TARGET_NAME)";
			};
			name = Release;
		};
/* End XCBuildConfiguration section */

/* Begin XCConfigurationList section */
		810BCC7F1D3844AF00EE180D /* Build configuration list for PBXProject "InClass04b" */ = {
			isa = XCConfigurationList;
			buildConfigurations = (
				810BCC941D3844AF00EE180D /* Debug */,
				810BCC951D3844AF00EE180D /* Release */,
			);
			defaultConfigurationIsVisible = 0;
			defaultConfigurationName = Release;
		};
		810BCC961D3844AF00EE180D /* Build configuration list for PBXNativeTarget "InClass04b" */ = {
			isa = XCConfigurationList;
			buildConfigurations = (
				810BCC971D3844AF00EE180D /* Debug */,
				810BCC981D3844AF00EE180D /* Release */,
			);
			defaultConfigurationIsVisible = 0;
		};
/* End XCConfigurationList section */
	};
	rootObject = 810BCC7C1D3844AF00EE180D /* Project object */;
}
